{
  "name": "fim-eval",
  "version": "0.0.1",
  "lockfileVersion": 3,
  "requires": true,
  "packages": {
    "": {
      "name": "fim-eval",
      "version": "0.0.1",
      "dependencies": {
        "@colbymchenry/codegraph": "^1.0.0"
      },
      "devDependencies": {
        "@types/node": "^16.18.68",
        "typescript": "^4.7.4"
      }
    },
    "node_modules/@colbymchenry/codegraph": {
      "version": "1.4.1",
      "resolved": "https://registry.npmjs.org/@colbymchenry/codegraph/-/codegraph-1.4.1.tgz",
      "integrity": "sha512-xZayboJt6T3QBzBsBsI0eJ3J/tN4vYs6LMuvrxJVdM71yQFjrFKFeV3KsbicAgkj6AHnTXxUNk26g9BYwkNMgg==",
      "license": "MIT",
      "bin": {
        "codegraph": "npm-shim.js"
      },
      "optionalDependencies": {
        "@colbymchenry/codegraph-darwin-arm64": "1.4.1",
        "@colbymchenry/codegraph-darwin-x64": "1.4.1",
        "@colbymchenry/codegraph-linux-arm64": "1.4.1",
        "@colbymchenry/codegraph-linux-x64": "1.4.1",
        "@colbymchenry/codegraph-win32-arm64": "1.4.1",
        "@colbymchenry/codegraph-win32-x64": "1.4.1"
      }
    },
    "node_modules/@colbymchenry/codegraph-darwin-arm64": {
      "version": "1.4.1",
      "resolved": "https://registry.npmjs.org/@colbymchenry/codegraph-darwin-arm64/-/codegraph-darwin-arm64-1.4.1.tgz",
      "integrity": "sha512-USSpExjuxZWN0OeNexZp2V5fCfOI4ZekqE79CJiBdGdPbqGTB+857ImIqzWGyF/rAyyED94Wc0Cd82t+uWD30w==",
      "cpu": [
        "arm64"
      ],
      "license": "MIT",
      "optional": true,
      "os": [
        "darwin"
      ]
    },
    "node_modules/@colbymchenry/codegraph-darwin-x64": {
      "version": "1.4.1",
      "resolved": "https://registry.npmjs.org/@colbymchenry/codegraph-darwin-x64/-/codegraph-darwin-x64-1.4.1.tgz",
      "integrity": "sha512-syLC7QPsNui2hPrK58El0XQrjjdSYhsoKS5i26ieD8DVrb0adzFQrBRP8qId/wfGp078xdC54rdKvqgmbIL1WQ==",
      "cpu": [
        "x64"
      ],
      "license": "MIT",
      "optional": true,
      "os": [
        "darwin"
      ]
    },
    "node_modules/@colbymchenry/codegraph-linux-arm64": {
      "version": "1.4.1",
      "resolved": "https://registry.npmjs.org/@colbymchenry/codegraph-linux-arm64/-/codegraph-linux-arm64-1.4.1.tgz",
      "integrity": "sha512-XC6GJ9/fTicW9CE3k2fOcUOcbtDU8mS53t+PUfzq3Py9+JiX3PtJgtBB8bmf6e45NZUF5foaLUwFXfxTTl961g==",
      "cpu": [
        "arm64"
      ],
      "license": "MIT",
      "optional": true,
      "os": [
        "linux"
      ]
    },
    "node_modules/@colbymchenry/codegraph-linux-x64": {
      "version": "1.4.1",
      "resolved": "https://registry.npmjs.org/@colbymchenry/codegraph-linux-x64/-/codegraph-linux-x64-1.4.1.tgz",
      "integrity": "sha512-bjfa+0IyjbxpZz7ghznN4qMPoYVSiZafeZu/rXGdg3VI+kEPOPZrk2vmtWIU9tBPGVJbeU2Kwa/0Z2DkUGOJ9A==",
      "cpu": [
        "x64"
      ],
      "license": "MIT",
      "optional": true,
      "os": [
        "linux"
      ]
    },
    "node_modules/@colbymchenry/codegraph-win32-arm64": {
      "version": "1.4.1",
      "resolved": "https://registry.npmjs.org/@colbymchenry/codegraph-win32-arm64/-/codegraph-win32-arm64-1.4.1.tgz",
      "integrity": "sha512-mb5bFDhwcP49U0P2IBRhH1O5ZmnlgE8lIXTlg2dqpfLeL+XfxzyeJ+i4I0KU0h1hlNWP/u3d2k+1EGem2swDBw==",
      "cpu": [
        "arm64"
      ],
      "license": "MIT",
      "optional": true,
      "os": [
        "win32"
      ]
    },
    "node_modules/@colbymchenry/codegraph-win32-x64": {
      "version": "1.4.1",
      "resolved": "https://registry.npmjs.org/@colbymchenry/codegraph-win32-x64/-/codegraph-win32-x64-1.4.1.tgz",
      "integrity": "sha512-ipN6WvTKa0cSXIL6DTdACq57WnNYTjVq2wtC5uPT8F22o6Ucbcu3/w3OzKkkfwP4mkXv2cDMbuvExbnYNULyuw==",
      "cpu": [
        "x64"
      ],
      "license": "MIT",
      "optional": true,
      "os": [
        "win32"
      ]
    },
    "node_modules/@types/node": {
      "version": "16.18.126",
      "resolved": "https://registry.npmjs.org/@types/node/-/node-16.18.126.tgz",
      "integrity": "sha512-OTcgaiwfGFBKacvfwuHzzn1KLxH/er8mluiy8/uM3sGXHaRe73RrSIj01jow9t4kJEW633Ov+cOexXeiApTyAw==",
      "dev": true,
      "license": "MIT"
    },
    "node_modules/typescript": {
      "version": "4.9.5",
      "resolved": "https://registry.npmjs.org/typescript/-/typescript-4.9.5.tgz",
      "integrity": "sha512-1FXk9E2Hm+QzZQ7z+McJiHL4NW1F2EzMu9Nq9i3zAaGqibafqYwCVU6WyWAuyQRRzOlxou8xZSyXLEN8oKj24g==",
      "dev": true,
      "license": "Apache-2.0",
      "bin": {
        "tsc": "bin/tsc",
        "tsserver": "bin/tsserver"
      },
      "engines": {
        "node": ">=4.2.0"
      }
    }
  }
}
